
Microsoft Visual Studio Solution File, Format Version 12.00
# Visual Studio Version 17
VisualStudioVersion = 17.2.32526.322
MinimumVisualStudioVersion = 10.0.40219.1
Project("{9A19103F-16F7-4668-BE54-9A1E7A4F7556}") = "Cefalo.JustAnotherBlogsite.Api", "Cefalo.JustAnotherBlogsite.Api\Cefalo.JustAnotherBlogsite.Api.csproj", "{EC9DF3F1-94C7-4D14-B4B2-E7426C06B6E2}"
	ProjectSection(ProjectDependencies) = postProject
		{B0302671-F4BF-4FA8-A4BA-B831EDBC69E5} = {B0302671-F4BF-4FA8-A4BA-B831EDBC69E5}
	EndProjectSection
EndProject
Project("{9A19103F-16F7-4668-BE54-9A1E7A4F7556}") = "Cefalo.JustAnotherBlogsite.Service", "Cefalo.JustAnotherBlogsite.Service\Cefalo.JustAnotherBlogsite.Service.csproj", "{3FA80F83-5F74-41CC-9DEB-9CA941E814D5}"
EndProject
Project("{9A19103F-16F7-4668-BE54-9A1E7A4F7556}") = "Cefalo.JustAnotherBlogsite.Repository", "Cefalo.JustAnotherBlogsite.Repository\Cefalo.JustAnotherBlogsite.Repository.csproj", "{F036D9C3-A8F0-4729-8693-D1EE4D83E606}"
EndProject
Project("{9A19103F-16F7-4668-BE54-9A1E7A4F7556}") = "Cefalo.JustAnotherBlogsite.Database", "Cefalo.JustAnotherBlogsite.Database\Cefalo.JustAnotherBlogsite.Database.csproj", "{B0302671-F4BF-4FA8-A4BA-B831EDBC69E5}"
EndProject
Project("{9A19103F-16F7-4668-BE54-9A1E7A4F7556}") = "Cefalo.JustAnotherBlogsite.Api.UnitTests", "Cefalo.JustAnotherBlogsite.Api.UnitTests\Cefalo.JustAnotherBlogsite.Api.UnitTests.csproj", "{BDCDFE03-0C98-4E1D-BFD4-444B3DA82463}"
EndProject
Project("{FAE04EC0-301F-11D3-BF4B-00C04F79EFBC}") = "Cefalo.JustAnotherBlogsite.Service.UnitTests", "Cefalo.JustAnotherBlogsite.Service.UnitTests\Cefalo.JustAnotherBlogsite.Service.UnitTests.csproj", "{8326DB79-922D-48F4-85F8-106D666AD9BE}"
EndProject
Project("{FAE04EC0-301F-11D3-BF4B-00C04F79EFBC}") = "Cefalo.JustAnotherBlogsite.Repository.UnitTests", "Cefalo.JustAnotherBlogsite.Repository.UnitTests\Cefalo.JustAnotherBlogsite.Repository.UnitTests.csproj", "{378AB8A7-CDEE-4B17-9762-8A19C755B936}"
EndProject
Global
	GlobalSection(SolutionConfigurationPlatforms) = preSolution
		Debug|Any CPU = Debug|Any CPU
		Release|Any CPU = Release|Any CPU
	EndGlobalSection
	GlobalSection(ProjectConfigurationPlatforms) = postSolution
		{EC9DF3F1-94C7-4D14-B4B2-E7426C06B6E2}.Debug|Any CPU.ActiveCfg = Debug|Any CPU
		{EC9DF3F1-94C7-4D14-B4B2-E7426C06B6E2}.Debug|Any CPU.Build.0 = Debug|Any CPU
		{EC9DF3F1-94C7-4D14-B4B2-E7426C06B6E2}.Release|Any CPU.ActiveCfg = Release|Any CPU
		{EC9DF3F1-94C7-4D14-B4B2-E7426C06B6E2}.Release|Any CPU.Build.0 = Release|Any CPU
		{3FA80F83-5F74-41CC-9DEB-9CA941E814D5}.Debug|Any CPU.ActiveCfg = Debug|Any CPU
		{3FA80F83-5F74-41CC-9DEB-9CA941E814D5}.Debug|Any CPU.Build.0 = Debug|Any CPU
		{3FA80F83-5F74-41CC-9DEB-9CA941E814D5}.Release|Any CPU.ActiveCfg = Release|Any CPU
		{3FA80F83-5F74-41CC-9DEB-9CA941E814D5}.Release|Any CPU.Build.0 = Release|Any CPU
		{F036D9C3-A8F0-4729-8693-D1EE4D83E606}.Debug|Any CPU.ActiveCfg = Debug|Any CPU
		{F036D9C3-A8F0-4729-8693-D1EE4D83E606}.Debug|Any CPU.Build.0 = Debug|Any CPU
		{F036D9C3-A8F0-4729-8693-D1EE4D83E606}.Release|Any CPU.ActiveCfg = Release|Any CPU
		{F036D9C3-A8F0-4729-8693-D1EE4D83E606}.Release|Any CPU.Build.0 = Release|Any CPU
		{B0302671-F4BF-4FA8-A4BA-B831EDBC69E5}.Debug|Any CPU.ActiveCfg = Debug|Any CPU
		{B0302671-F4BF-4FA8-A4BA-B831EDBC69E5}.Debug|Any CPU.Build.0 = Debug|Any CPU
		{B0302671-F4BF-4FA8-A4BA-B831EDBC69E5}.Release|Any CPU.ActiveCfg = Release|Any CPU
		{B0302671-F4BF-4FA8-A4BA-B831EDBC69E5}.Release|Any CPU.Build.0 = Release|Any CPU
		{BDCDFE03-0C98-4E1D-BFD4-444B3DA82463}.Debug|Any CPU.ActiveCfg = Debug|Any CPU
		{BDCDFE03-0C98-4E1D-BFD4-444B3DA82463}.Debug|Any CPU.Build.0 = Debug|Any CPU
		{BDCDFE03-0C98-4E1D-BFD4-444B3DA82463}.Release|Any CPU.ActiveCfg = Release|Any CPU
		{BDCDFE03-0C98-4E1D-BFD4-444B3DA82463}.Release|Any CPU.Build.0 = Release|Any CPU
		{8326DB79-922D-48F4-85F8-106D666AD9BE}.Debug|Any CPU.ActiveCfg = Debug|Any CPU
		{8326DB79-922D-48F4-85F8-106D666AD9BE}.Debug|Any CPU.Build.0 = Debug|Any CPU
		{8326DB79-922D-48F4-85F8-106D666AD9BE}.Release|Any CPU.ActiveCfg = Release|Any CPU
		{8326DB79-922D-48F4-85F8-106D666AD9BE}.Release|Any CPU.Build.0 = Release|Any CPU
		{378AB8A7-CDEE-4B17-9762-8A19C755B936}.Debug|Any CPU.ActiveCfg = Debug|Any CPU
		{378AB8A7-CDEE-4B17-9762-8A19C755B936}.Debug|Any CPU.Build.0 = Debug|Any CPU
		{378AB8A7-CDEE-4B17-9762-8A19C755B936}.Release|Any CPU.ActiveCfg = Release|Any CPU
		{378AB8A7-CDEE-4B17-9762-8A19C755B936}.Release|Any CPU.Build.0 = Release|Any CPU
	EndGlobalSection
	GlobalSection(SolutionProperties) = preSolution
		HideSolutionNode = FALSE
	EndGlobalSection
	GlobalSection(ExtensibilityGlobals) = postSolution
		SolutionGuid = {EB34F39F-4936-4AC8-B38E-DEB62F35917D}
	EndGlobalSection
EndGlobal
